
Microsoft Visual Studio Solution File, Format Version 12.00
# Visual Studio 15
VisualStudioVersion = 15.0.28307.757
MinimumVisualStudioVersion = 10.0.40219.1
Project("{2150E333-8FDC-42A3-9474-1A3956D46DE8}") = "src", "src", "{746684D7-1E0B-49CA-815D-3F9B4E4C2E11}"
EndProject
Project("{2150E333-8FDC-42A3-9474-1A3956D46DE8}") = "tests", "tests", "{D3B7ED09-0178-4AFC-9F22-F7AFC5A491DE}"
EndProject
Project("{9A19103F-16F7-4668-BE54-9A1E7A4F7556}") = "Onitama.Server", "src\Onitama.Server\Onitama.Server.csproj", "{FAE17FEE-A884-41D5-9271-070D25D78A9A}"
EndProject
Project("{9A19103F-16F7-4668-BE54-9A1E7A4F7556}") = "Onitama.Infrastructure", "src\Onitama.Infrastructure\Onitama.Infrastructure.csproj", "{B23FECF6-EF02-46D0-A096-0C4D5A49C6AD}"
EndProject
Project("{9A19103F-16F7-4668-BE54-9A1E7A4F7556}") = "Onitama.Application", "src\Onitama.Application\Onitama.Application.csproj", "{FD079F2F-637B-4DC2-A944-384FEEC530E2}"
EndProject
Project("{9A19103F-16F7-4668-BE54-9A1E7A4F7556}") = "Onitama.Domain", "src\Onitama.Domain\Onitama.Domain.csproj", "{234B2A66-CF8F-40C3-B2C6-158C3DC1ACD1}"
EndProject
Project("{FAE04EC0-301F-11D3-BF4B-00C04F79EFBC}") = "Onitama.Persistence", "src\Onitama.Persistence\Onitama.Persistence.csproj", "{BB82C794-33DA-43F7-B2FB-0AEDC8826E3A}"
EndProject
Project("{FAE04EC0-301F-11D3-BF4B-00C04F79EFBC}") = "Onitama.Persistence.IntegrationTests", "tests\Onitama.Persistence.IntegrationTests\Onitama.Persistence.IntegrationTests.csproj", "{153129BC-468F-4CF6-9CD3-4DF297A6778E}"
EndProject
Project("{FAE04EC0-301F-11D3-BF4B-00C04F79EFBC}") = "Onitama.Common", "src\Onitama.Common\Onitama.Common.csproj", "{EC3D48A5-D274-497E-833A-9E30C762F7CD}"
EndProject
Project("{FAE04EC0-301F-11D3-BF4B-00C04F79EFBC}") = "Onitama.Domain.UnitTests", "tests\Onitama.Domain.Tests\Onitama.Domain.UnitTests.csproj", "{7C4AD0B7-F78E-4BD6-BC2D-9A5CCD98A66C}"
EndProject
Project("{FAE04EC0-301F-11D3-BF4B-00C04F79EFBC}") = "Onitama.Application.UnitTests", "tests\Onitama.Application.UnitTests\Onitama.Application.UnitTests.csproj", "{E581B7F2-F7E8-4B6A-BAD0-737A8FFEDC90}"
EndProject
Project("{FAE04EC0-301F-11D3-BF4B-00C04F79EFBC}") = "Onitama.Server.IntegrationTests", "tests\Onitama.Server.IntegrationTests\Onitama.Server.IntegrationTests.csproj", "{8CD7D81E-38D5-4536-8710-F702B21CE1F6}"
EndProject
Global
	GlobalSection(SolutionConfigurationPlatforms) = preSolution
		Debug|Any CPU = Debug|Any CPU
		Release|Any CPU = Release|Any CPU
	EndGlobalSection
	GlobalSection(ProjectConfigurationPlatforms) = postSolution
		{FAE17FEE-A884-41D5-9271-070D25D78A9A}.Debug|Any CPU.ActiveCfg = Debug|Any CPU
		{FAE17FEE-A884-41D5-9271-070D25D78A9A}.Debug|Any CPU.Build.0 = Debug|Any CPU
		{FAE17FEE-A884-41D5-9271-070D25D78A9A}.Release|Any CPU.ActiveCfg = Release|Any CPU
		{FAE17FEE-A884-41D5-9271-070D25D78A9A}.Release|Any CPU.Build.0 = Release|Any CPU
		{B23FECF6-EF02-46D0-A096-0C4D5A49C6AD}.Debug|Any CPU.ActiveCfg = Debug|Any CPU
		{B23FECF6-EF02-46D0-A096-0C4D5A49C6AD}.Debug|Any CPU.Build.0 = Debug|Any CPU
		{B23FECF6-EF02-46D0-A096-0C4D5A49C6AD}.Release|Any CPU.ActiveCfg = Release|Any CPU
		{B23FECF6-EF02-46D0-A096-0C4D5A49C6AD}.Release|Any CPU.Build.0 = Release|Any CPU
		{FD079F2F-637B-4DC2-A944-384FEEC530E2}.Debug|Any CPU.ActiveCfg = Debug|Any CPU
		{FD079F2F-637B-4DC2-A944-384FEEC530E2}.Debug|Any CPU.Build.0 = Debug|Any CPU
		{FD079F2F-637B-4DC2-A944-384FEEC530E2}.Release|Any CPU.ActiveCfg = Release|Any CPU
		{FD079F2F-637B-4DC2-A944-384FEEC530E2}.Release|Any CPU.Build.0 = Release|Any CPU
		{234B2A66-CF8F-40C3-B2C6-158C3DC1ACD1}.Debug|Any CPU.ActiveCfg = Debug|Any CPU
		{234B2A66-CF8F-40C3-B2C6-158C3DC1ACD1}.Debug|Any CPU.Build.0 = Debug|Any CPU
		{234B2A66-CF8F-40C3-B2C6-158C3DC1ACD1}.Release|Any CPU.ActiveCfg = Release|Any CPU
		{234B2A66-CF8F-40C3-B2C6-158C3DC1ACD1}.Release|Any CPU.Build.0 = Release|Any CPU
		{BB82C794-33DA-43F7-B2FB-0AEDC8826E3A}.Debug|Any CPU.ActiveCfg = Debug|Any CPU
		{BB82C794-33DA-43F7-B2FB-0AEDC8826E3A}.Debug|Any CPU.Build.0 = Debug|Any CPU
		{BB82C794-33DA-43F7-B2FB-0AEDC8826E3A}.Release|Any CPU.ActiveCfg = Release|Any CPU
		{BB82C794-33DA-43F7-B2FB-0AEDC8826E3A}.Release|Any CPU.Build.0 = Release|Any CPU
		{153129BC-468F-4CF6-9CD3-4DF297A6778E}.Debug|Any CPU.ActiveCfg = Debug|Any CPU
		{153129BC-468F-4CF6-9CD3-4DF297A6778E}.Debug|Any CPU.Build.0 = Debug|Any CPU
		{153129BC-468F-4CF6-9CD3-4DF297A6778E}.Release|Any CPU.ActiveCfg = Release|Any CPU
		{153129BC-468F-4CF6-9CD3-4DF297A6778E}.Release|Any CPU.Build.0 = Release|Any CPU
		{EC3D48A5-D274-497E-833A-9E30C762F7CD}.Debug|Any CPU.ActiveCfg = Debug|Any CPU
		{EC3D48A5-D274-497E-833A-9E30C762F7CD}.Debug|Any CPU.Build.0 = Debug|Any CPU
		{EC3D48A5-D274-497E-833A-9E30C762F7CD}.Release|Any CPU.ActiveCfg = Release|Any CPU
		{EC3D48A5-D274-497E-833A-9E30C762F7CD}.Release|Any CPU.Build.0 = Release|Any CPU
		{7C4AD0B7-F78E-4BD6-BC2D-9A5CCD98A66C}.Debug|Any CPU.ActiveCfg = Debug|Any CPU
		{7C4AD0B7-F78E-4BD6-BC2D-9A5CCD98A66C}.Debug|Any CPU.Build.0 = Debug|Any CPU
		{7C4AD0B7-F78E-4BD6-BC2D-9A5CCD98A66C}.Release|Any CPU.ActiveCfg = Release|Any CPU
		{7C4AD0B7-F78E-4BD6-BC2D-9A5CCD98A66C}.Release|Any CPU.Build.0 = Release|Any CPU
		{E581B7F2-F7E8-4B6A-BAD0-737A8FFEDC90}.Debug|Any CPU.ActiveCfg = Debug|Any CPU
		{E581B7F2-F7E8-4B6A-BAD0-737A8FFEDC90}.Debug|Any CPU.Build.0 = Debug|Any CPU
		{E581B7F2-F7E8-4B6A-BAD0-737A8FFEDC90}.Release|Any CPU.ActiveCfg = Release|Any CPU
		{E581B7F2-F7E8-4B6A-BAD0-737A8FFEDC90}.Release|Any CPU.Build.0 = Release|Any CPU
		{8CD7D81E-38D5-4536-8710-F702B21CE1F6}.Debug|Any CPU.ActiveCfg = Debug|Any CPU
		{8CD7D81E-38D5-4536-8710-F702B21CE1F6}.Debug|Any CPU.Build.0 = Debug|Any CPU
		{8CD7D81E-38D5-4536-8710-F702B21CE1F6}.Release|Any CPU.ActiveCfg = Release|Any CPU
		{8CD7D81E-38D5-4536-8710-F702B21CE1F6}.Release|Any CPU.Build.0 = Release|Any CPU
	EndGlobalSection
	GlobalSection(SolutionProperties) = preSolution
		HideSolutionNode = FALSE
	EndGlobalSection
	GlobalSection(NestedProjects) = preSolution
		{FAE17FEE-A884-41D5-9271-070D25D78A9A} = {746684D7-1E0B-49CA-815D-3F9B4E4C2E11}
		{B23FECF6-EF02-46D0-A096-0C4D5A49C6AD} = {746684D7-1E0B-49CA-815D-3F9B4E4C2E11}
		{FD079F2F-637B-4DC2-A944-384FEEC530E2} = {746684D7-1E0B-49CA-815D-3F9B4E4C2E11}
		{234B2A66-CF8F-40C3-B2C6-158C3DC1ACD1} = {746684D7-1E0B-49CA-815D-3F9B4E4C2E11}
		{BB82C794-33DA-43F7-B2FB-0AEDC8826E3A} = {746684D7-1E0B-49CA-815D-3F9B4E4C2E11}
		{153129BC-468F-4CF6-9CD3-4DF297A6778E} = {D3B7ED09-0178-4AFC-9F22-F7AFC5A491DE}
		{EC3D48A5-D274-497E-833A-9E30C762F7CD} = {746684D7-1E0B-49CA-815D-3F9B4E4C2E11}
		{7C4AD0B7-F78E-4BD6-BC2D-9A5CCD98A66C} = {D3B7ED09-0178-4AFC-9F22-F7AFC5A491DE}
		{E581B7F2-F7E8-4B6A-BAD0-737A8FFEDC90} = {D3B7ED09-0178-4AFC-9F22-F7AFC5A491DE}
		{8CD7D81E-38D5-4536-8710-F702B21CE1F6} = {D3B7ED09-0178-4AFC-9F22-F7AFC5A491DE}
	EndGlobalSection
	GlobalSection(ExtensibilityGlobals) = postSolution
		SolutionGuid = {7A3097E1-4EAB-4091-A527-40C54712EE52}
	EndGlobalSection
EndGlobal
